{
  "name": "@definejs/packer",
  "version": "0.1.11",
  "lockfileVersion": 1,
  "requires": true,
  "dependencies": {
    "@definejs/date": {
      "version": "1.0.0",
      "resolved": "https://registry.npmjs.org/@definejs/date/-/date-1.0.0.tgz",
      "integrity": "sha512-pqERcEgp42WqkjQenEsSOfkoHvdj2v3wRKjA2KyfApqa8gAY1ErERQc5UlIaDXPUmOvl8Yji4DjQX8ckWvf1eg==",
      "requires": {
        "@definejs/string": "^1.0.0"
      },
      "dependencies": {
        "@definejs/string": {
          "version": "1.0.0",
          "resolved": "https://registry.npmjs.org/@definejs/string/-/string-1.0.0.tgz",
          "integrity": "sha512-w07CpqHYu6th6y+n5jic6ZUdiB19GPzuq8LGHqpSky8R28ugA1uIDkFodd5tt9dokD00pLd4nFY6bO8JuLYxxQ=="
        }
      }
    },
    "@definejs/directory": {
      "version": "1.0.0",
      "resolved": "https://registry.npmjs.org/@definejs/directory/-/directory-1.0.0.tgz",
      "integrity": "sha512-3iRwzxSeZ0YxVxgmnsqSg71qoIPPArJdGx2fThGVbpz1HB6D2h9cI8JQDWgzKIiZ9L807odCuxl9CQcEAu4kXw==",
      "requires": {
        "@definejs/file": "^1.0.0"
      },
      "dependencies": {
        "@definejs/file": {
          "version": "1.0.0",
          "resolved": "https://registry.npmjs.org/@definejs/file/-/file-1.0.0.tgz",
          "integrity": "sha512-OypKNgeYgkHdwNDSjUVD/LVKIOk0nWcLXfElbDnZHDIn5pbNr4n2RvPqvTM6mBNjE9IuBdY5NF80EAITZSdqIw==",
          "requires": {
            "@definejs/directory": "^1.0.0",
            "@definejs/object": "^1.1.0",
            "colors": "^1.4.0",
            "iconv-lite": "^0.6.2"
          }
        }
      }
    },
    "@definejs/emitter": {
      "version": "1.0.0",
      "resolved": "https://registry.npmjs.org/@definejs/emitter/-/emitter-1.0.0.tgz",
      "integrity": "sha512-FQci+86yOdx/M36aHP+/xevwcb0iiaVw5lZgkcT8WLyZescOVAiFa4k2ToTA2kkM1yzRFXUY/0oHc8Sc5gXfWQ==",
      "requires": {
        "@definejs/object": "^1.1.0",
        "@definejs/tree": "^1.0.0"
      }
    },
    "@definejs/file": {
      "version": "1.0.0",
      "resolved": "https://registry.npmjs.org/@definejs/file/-/file-1.0.0.tgz",
      "integrity": "sha512-OypKNgeYgkHdwNDSjUVD/LVKIOk0nWcLXfElbDnZHDIn5pbNr4n2RvPqvTM6mBNjE9IuBdY5NF80EAITZSdqIw==",
      "requires": {
        "@definejs/directory": "^1.0.0",
        "@definejs/object": "^1.1.0",
        "colors": "^1.4.0",
        "iconv-lite": "^0.6.2"
      }
    },
    "@definejs/fn": {
      "version": "1.0.0",
      "resolved": "https://registry.npmjs.org/@definejs/fn/-/fn-1.0.0.tgz",
      "integrity": "sha512-YZqW2WfMC4kPCxRGMe+sgMNhWYK8pQchVJeo5aRYq1I6IhUpVNvreT5UW29LzFpDBNOqMbDzKa5jUel9qW0JRg==",
      "requires": {
        "@definejs/math": "^1.0.0"
      }
    },
    "@definejs/hint-line": {
      "version": "1.0.0",
      "resolved": "https://registry.npmjs.org/@definejs/hint-line/-/hint-line-1.0.0.tgz",
      "integrity": "sha512-I/pVW2roRHY7ePe8dQGnThEXUTpFfpuMbGnRQcsB5BTbbSHtQNF/zE61OVNvhoLJv2VluJZ7ymvJaa6CH/Chkw==",
      "requires": {
        "@definejs/lines": "^1.0.0",
        "colors": "^1.4.0"
      },
      "dependencies": {
        "@definejs/lines": {
          "version": "1.0.0",
          "resolved": "https://registry.npmjs.org/@definejs/lines/-/lines-1.0.0.tgz",
          "integrity": "sha512-MEAqB2FF6NmerKZg1ATL3Xo4LRu/Bn83dHfswylpj+KL+Qy9VbI5ooOwFE50dy6k9E0bitqcGgS61zhSkXrivw==",
          "requires": {
            "@definejs/string": "^1.0.0"
          }
        },
        "@definejs/string": {
          "version": "1.0.0",
          "resolved": "https://registry.npmjs.org/@definejs/string/-/string-1.0.0.tgz",
          "integrity": "sha512-w07CpqHYu6th6y+n5jic6ZUdiB19GPzuq8LGHqpSky8R28ugA1uIDkFodd5tt9dokD00pLd4nFY6bO8JuLYxxQ=="
        }
      }
    },
    "@definejs/lines": {
      "version": "1.0.0",
      "resolved": "https://registry.npmjs.org/@definejs/lines/-/lines-1.0.0.tgz",
      "integrity": "sha512-MEAqB2FF6NmerKZg1ATL3Xo4LRu/Bn83dHfswylpj+KL+Qy9VbI5ooOwFE50dy6k9E0bitqcGgS61zhSkXrivw==",
      "requires": {
        "@definejs/string": "^1.0.0"
      },
      "dependencies": {
        "@definejs/string": {
          "version": "1.0.0",
          "resolved": "https://registry.npmjs.org/@definejs/string/-/string-1.0.0.tgz",
          "integrity": "sha512-w07CpqHYu6th6y+n5jic6ZUdiB19GPzuq8LGHqpSky8R28ugA1uIDkFodd5tt9dokD00pLd4nFY6bO8JuLYxxQ=="
        }
      }
    },
    "@definejs/math": {
      "version": "1.0.0",
      "resolved": "https://registry.npmjs.org/@definejs/math/-/math-1.0.0.tgz",
      "integrity": "sha512-3epnTiGFaEoofhRfmT1cdd3KAhC8DQf518Xmh0tTTdqDCnfGcHx+GRZRGX5o1vlb946GBJ3/OEQQb2bRnAl0/g=="
    },
    "@definejs/object": {
      "version": "1.1.0",
      "resolved": "https://registry.npmjs.org/@definejs/object/-/object-1.1.0.tgz",
      "integrity": "sha512-3U9yjE0a4oFXR6n19VXZB0W5lpHZRox39vjV2sE288OCMv1L6KLreEdGi0Hmo5w490KHpT9Gtvtkz4Xih7D6ug=="
    },
    "@definejs/patterns": {
      "version": "1.0.0",
      "resolved": "https://registry.npmjs.org/@definejs/patterns/-/patterns-1.0.0.tgz",
      "integrity": "sha512-D51Zk8KkYv85MYy90+wDuYuR20bl23/6QATd6yGjwf21g4JiJ8RfzDDT5yjoeMEEDoJEOr8Gi/iWbYr8Rc9cHA==",
      "requires": {
        "@definejs/directory": "^1.0.0",
        "minimatch": "^3.0.4"
      }
    },
    "@definejs/string": {
      "version": "1.0.0",
      "resolved": "https://registry.npmjs.org/@definejs/string/-/string-1.0.0.tgz",
      "integrity": "sha512-w07CpqHYu6th6y+n5jic6ZUdiB19GPzuq8LGHqpSky8R28ugA1uIDkFodd5tt9dokD00pLd4nFY6bO8JuLYxxQ=="
    },
    "@definejs/tasker": {
      "version": "1.0.0",
      "resolved": "https://registry.npmjs.org/@definejs/tasker/-/tasker-1.0.0.tgz",
      "integrity": "sha512-mkFrGqxpjmkcJ34Zb+JEbd1UNnHvvSspfCAIJCYkVAosrJe7g74o/rIq4nDkzFl6LzJC8WO4L921+n6bkNAjDw==",
      "requires": {
        "@definejs/emitter": "^1.0.0"
      }
    },
    "@definejs/tree": {
      "version": "1.0.0",
      "resolved": "https://registry.npmjs.org/@definejs/tree/-/tree-1.0.0.tgz",
      "integrity": "sha512-mQbo/4dBu2HMN5WvVQv1Pb8Wn6rDA8mT0+LLUfFe4bf5Dq/Ni8Vdvb37yqGWx6h7SK+8RRae7JM9aJkXNRcYxw=="
    },
    "ansi-regex": {
      "version": "5.0.0",
      "resolved": "https://registry.npmjs.org/ansi-regex/-/ansi-regex-5.0.0.tgz",
      "integrity": "sha512-bY6fj56OUQ0hU1KjFNDQuJFezqKdrAyFdIevADiqrWHwSlbmBNMHp5ak2f40Pm8JTFyM2mqxkG6ngkHO11f/lg=="
    },
    "ansi-styles": {
      "version": "4.3.0",
      "resolved": "https://registry.npmjs.org/ansi-styles/-/ansi-styles-4.3.0.tgz",
      "integrity": "sha512-zbB9rCJAT1rbjiVDb2hqKFHNYLxgtk8NURxZ3IZwD3F6NtxbXZQCnnSi1Lkx+IDohdPlFp222wVALIheZJQSEg==",
      "requires": {
        "color-convert": "^2.0.1"
      }
    },
    "balanced-match": {
      "version": "1.0.0",
      "resolved": "https://registry.npmjs.org/balanced-match/-/balanced-match-1.0.0.tgz",
      "integrity": "sha1-ibTRmasr7kneFk6gK4nORi1xt2c="
    },
    "brace-expansion": {
      "version": "1.1.11",
      "resolved": "https://registry.npmjs.org/brace-expansion/-/brace-expansion-1.1.11.tgz",
      "integrity": "sha512-iCuPHDFgrHX7H2vEI/5xpz07zSHB00TpugqhmYtVmMO6518mCuRMoOYFldEBl0g187ufozdaHgWKcYFb61qGiA==",
      "requires": {
        "balanced-match": "^1.0.0",
        "concat-map": "0.0.1"
      }
    },
    "chalk": {
      "version": "3.0.0",
      "resolved": "https://registry.npmjs.org/chalk/-/chalk-3.0.0.tgz",
      "integrity": "sha512-4D3B6Wf41KOYRFdszmDqMCGq5VV/uMAB273JILmO+3jAlh8X4qDtdtgCR3fxtbLEMzSx22QdhnDcJvu2u1fVwg==",
      "requires": {
        "ansi-styles": "^4.1.0",
        "supports-color": "^7.1.0"
      }
    },
    "cli-cursor": {
      "version": "3.1.0",
      "resolved": "https://registry.npmjs.org/cli-cursor/-/cli-cursor-3.1.0.tgz",
      "integrity": "sha512-I/zHAwsKf9FqGoXM4WWRACob9+SNukZTd94DWF57E4toouRulbCxcUh6RKUEOQlYTHJnzkPMySvPNaaSLNfLZw==",
      "requires": {
        "restore-cursor": "^3.1.0"
      }
    },
    "cli-spinners": {
      "version": "2.5.0",
      "resolved": "https://registry.npmjs.org/cli-spinners/-/cli-spinners-2.5.0.tgz",
      "integrity": "sha512-PC+AmIuK04E6aeSs/pUccSujsTzBhu4HzC2dL+CfJB/Jcc2qTRbEwZQDfIUpt2Xl8BodYBEq8w4fc0kU2I9DjQ=="
    },
    "clone": {
      "version": "1.0.4",
      "resolved": "https://registry.npmjs.org/clone/-/clone-1.0.4.tgz",
      "integrity": "sha1-2jCcwmPfFZlMaIypAheco8fNfH4="
    },
    "color-convert": {
      "version": "2.0.1",
      "resolved": "https://registry.npmjs.org/color-convert/-/color-convert-2.0.1.tgz",
      "integrity": "sha512-RRECPsj7iu/xb5oKYcsFHSppFNnsj/52OVTRKb4zP5onXwVF3zVmmToNcOfGC+CRDpfK/U584fMg38ZHCaElKQ==",
      "requires": {
        "color-name": "~1.1.4"
      }
    },
    "color-name": {
      "version": "1.1.4",
      "resolved": "https://registry.npmjs.org/color-name/-/color-name-1.1.4.tgz",
      "integrity": "sha512-dOy+3AuW3a2wNbZHIuMZpTcgjGuLU/uBL/ubcZF9OXbDo8ff4O8yVp5Bf0efS8uEoYo5q4Fx7dY9OgQGXgAsQA=="
    },
    "colors": {
      "version": "1.4.0",
      "resolved": "https://registry.npmjs.org/colors/-/colors-1.4.0.tgz",
      "integrity": "sha512-a+UqTh4kgZg/SlGvfbzDHpgRu7AAQOmmqRHJnxhRZICKFUT91brVhNNt58CMWU9PsBbv3PDCZUHbVxuDiH2mtA=="
    },
    "commander": {
      "version": "6.2.0",
      "resolved": "https://registry.npmjs.org/commander/-/commander-6.2.0.tgz",
      "integrity": "sha512-zP4jEKbe8SHzKJYQmq8Y9gYjtO/POJLgIdKgV7B9qNmABVFVc+ctqSX6iXh4mCpJfRBOabiZ2YKPg8ciDw6C+Q=="
    },
    "concat-map": {
      "version": "0.0.1",
      "resolved": "https://registry.npmjs.org/concat-map/-/concat-map-0.0.1.tgz",
      "integrity": "sha1-2Klr13/Wjfd5OnMDajug1UBdR3s="
    },
    "defaults": {
      "version": "1.0.3",
      "resolved": "https://registry.npmjs.org/defaults/-/defaults-1.0.3.tgz",
      "integrity": "sha1-xlYFHpgX2f8I7YgUd/P+QBnz730=",
      "requires": {
        "clone": "^1.0.2"
      }
    },
    "errno": {
      "version": "0.1.7",
      "resolved": "https://registry.npmjs.org/errno/-/errno-0.1.7.tgz",
      "integrity": "sha512-MfrRBDWzIWifgq6tJj60gkAwtLNb6sQPlcFrSOflcP1aFmmruKQ2wRnze/8V6kgyz7H3FF8Npzv78mZ7XLLflg==",
      "optional": true,
      "requires": {
        "prr": "~1.0.1"
      }
    },
    "escape-string-regexp": {
      "version": "1.0.5",
      "resolved": "https://registry.npmjs.org/escape-string-regexp/-/escape-string-regexp-1.0.5.tgz",
      "integrity": "sha1-G2HAViGQqN/2rjuyzwIAyhMLhtQ="
    },
    "graceful-fs": {
      "version": "4.2.4",
      "resolved": "https://registry.npmjs.org/graceful-fs/-/graceful-fs-4.2.4.tgz",
      "integrity": "sha512-WjKPNJF79dtJAVniUlGGWHYGz2jWxT6VhN/4m1NdkbZ2nOsEF+cI1Edgql5zCRhs/VsQYRvrXctxktVXZUkixw==",
      "optional": true
    },
    "has-flag": {
      "version": "4.0.0",
      "resolved": "https://registry.npmjs.org/has-flag/-/has-flag-4.0.0.tgz",
      "integrity": "sha512-EykJT/Q1KjTWctppgIAgfSO0tKVuZUjhgMr17kqTumMl6Afv3EISleU7qZUzoXDFTAHTDC4NOoG/ZxU3EvlMPQ=="
    },
    "iconv-lite": {
      "version": "0.6.2",
      "resolved": "https://registry.npmjs.org/iconv-lite/-/iconv-lite-0.6.2.tgz",
      "integrity": "sha512-2y91h5OpQlolefMPmUlivelittSWy0rP+oYVpn6A7GwVHNE8AWzoYOBNmlwks3LobaJxgHCYZAnyNo2GgpNRNQ==",
      "requires": {
        "safer-buffer": ">= 2.1.2 < 3.0.0"
      }
    },
    "image-size": {
      "version": "0.5.5",
      "resolved": "https://registry.npmjs.org/image-size/-/image-size-0.5.5.tgz",
      "integrity": "sha1-Cd/Uq50g4p6xw+gLiZA3jfnjy5w=",
      "optional": true
    },
    "is-interactive": {
      "version": "1.0.0",
      "resolved": "https://registry.npmjs.org/is-interactive/-/is-interactive-1.0.0.tgz",
      "integrity": "sha512-2HvIEKRoqS62guEC+qBjpvRubdX910WCMuJTZ+I9yvqKU2/12eSL549HMwtabb4oupdj2sMP50k+XJfB/8JE6w=="
    },
    "less": {
      "version": "3.12.2",
      "resolved": "https://registry.npmjs.org/less/-/less-3.12.2.tgz",
      "integrity": "sha512-+1V2PCMFkL+OIj2/HrtrvZw0BC0sYLMICJfbQjuj/K8CEnlrFX6R5cKKgzzttsZDHyxQNL1jqMREjKN3ja/E3Q==",
      "requires": {
        "errno": "^0.1.1",
        "graceful-fs": "^4.1.2",
        "image-size": "~0.5.0",
        "make-dir": "^2.1.0",
        "mime": "^1.4.1",
        "native-request": "^1.0.5",
        "source-map": "~0.6.0",
        "tslib": "^1.10.0"
      }
    },
    "log-symbols": {
      "version": "3.0.0",
      "resolved": "https://registry.npmjs.org/log-symbols/-/log-symbols-3.0.0.tgz",
      "integrity": "sha512-dSkNGuI7iG3mfvDzUuYZyvk5dD9ocYCYzNU6CYDE6+Xqd+gwme6Z00NS3dUh8mq/73HaEtT7m6W+yUPtU6BZnQ==",
      "requires": {
        "chalk": "^2.4.2"
      },
      "dependencies": {
        "ansi-styles": {
          "version": "3.2.1",
          "resolved": "https://registry.npmjs.org/ansi-styles/-/ansi-styles-3.2.1.tgz",
          "integrity": "sha512-VT0ZI6kZRdTh8YyJw3SMbYm/u+NqfsAxEpWO0Pf9sq8/e94WxxOpPKx9FR1FlyCtOVDNOQ+8ntlqFxiRc+r5qA==",
          "requires": {
            "color-convert": "^1.9.0"
          }
        },
        "chalk": {
          "version": "2.4.2",
          "resolved": "https://registry.npmjs.org/chalk/-/chalk-2.4.2.tgz",
          "integrity": "sha512-Mti+f9lpJNcwF4tWV8/OrTTtF1gZi+f8FqlyAdouralcFWFQWF2+NgCHShjkCb+IFBLq9buZwE1xckQU4peSuQ==",
          "requires": {
            "ansi-styles": "^3.2.1",
            "escape-string-regexp": "^1.0.5",
            "supports-color": "^5.3.0"
          }
        },
        "color-convert": {
          "version": "1.9.3",
          "resolved": "https://registry.npmjs.org/color-convert/-/color-convert-1.9.3.tgz",
          "integrity": "sha512-QfAUtd+vFdAtFQcC8CCyYt1fYWxSqAiK2cSD6zDB8N3cpsEBAvRxp9zOGg6G/SHHJYAT88/az/IuDGALsNVbGg==",
          "requires": {
            "color-name": "1.1.3"
          }
        },
        "color-name": {
          "version": "1.1.3",
          "resolved": "https://registry.npmjs.org/color-name/-/color-name-1.1.3.tgz",
          "integrity": "sha1-p9BVi9icQveV3UIyj3QIMcpTvCU="
        },
        "has-flag": {
          "version": "3.0.0",
          "resolved": "https://registry.npmjs.org/has-flag/-/has-flag-3.0.0.tgz",
          "integrity": "sha1-tdRU3CGZriJWmfNGfloH87lVuv0="
        },
        "supports-color": {
          "version": "5.5.0",
          "resolved": "https://registry.npmjs.org/supports-color/-/supports-color-5.5.0.tgz",
          "integrity": "sha512-QjVjwdXIt408MIiAqCX4oUKsgU2EqAGzs2Ppkm4aQYbjm+ZEWEcW4SfFNTr4uMNZma0ey4f5lgLrkB0aX0QMow==",
          "requires": {
            "has-flag": "^3.0.0"
          }
        }
      }
    },
    "make-dir": {
      "version": "2.1.0",
      "resolved": "https://registry.npmjs.org/make-dir/-/make-dir-2.1.0.tgz",
      "integrity": "sha512-LS9X+dc8KLxXCb8dni79fLIIUA5VyZoyjSMCwTluaXA0o27cCK0bhXkpgw+sTXVpPy/lSO57ilRixqk0vDmtRA==",
      "optional": true,
      "requires": {
        "pify": "^4.0.1",
        "semver": "^5.6.0"
      }
    },
    "mime": {
      "version": "1.6.0",
      "resolved": "https://registry.npmjs.org/mime/-/mime-1.6.0.tgz",
      "integrity": "sha512-x0Vn8spI+wuJ1O6S7gnbaQg8Pxh4NNHb7KSINmEWKiPE4RKOplvijn+NkmYmmRgP68mc70j2EbeTFRsrswaQeg==",
      "optional": true
    },
    "mimic-fn": {
      "version": "2.1.0",
      "resolved": "https://registry.npmjs.org/mimic-fn/-/mimic-fn-2.1.0.tgz",
      "integrity": "sha512-OqbOk5oEQeAZ8WXWydlu9HJjz9WVdEIvamMCcXmuqUYjTknH/sqsWvhQ3vgwKFRR1HpjvNBKQ37nbJgYzGqGcg=="
    },
    "minimatch": {
      "version": "3.0.4",
      "resolved": "https://registry.npmjs.org/minimatch/-/minimatch-3.0.4.tgz",
      "integrity": "sha512-yJHVQEhyqPLUTgt9B83PXu6W3rx4MvvHvSUvToogpwoGDOUQ+yDrR0HRot+yOCdCO7u4hX3pWft6kWBBcqh0UA==",
      "requires": {
        "brace-expansion": "^1.1.7"
      }
    },
    "mute-stream": {
      "version": "0.0.8",
      "resolved": "https://registry.npmjs.org/mute-stream/-/mute-stream-0.0.8.tgz",
      "integrity": "sha512-nnbWWOkoWyUsTjKrhgD0dcz22mdkSnpYqbEjIm2nhwhuxlSkpywJmBo8h0ZqJdkp73mb90SssHkN4rsRaBAfAA=="
    },
    "native-request": {
      "version": "1.0.8",
      "resolved": "https://registry.npmjs.org/native-request/-/native-request-1.0.8.tgz",
      "integrity": "sha512-vU2JojJVelUGp6jRcLwToPoWGxSx23z/0iX+I77J3Ht17rf2INGjrhOoQnjVo60nQd8wVsgzKkPfRXBiVdD2ag==",
      "optional": true
    },
    "onetime": {
      "version": "5.1.2",
      "resolved": "https://registry.npmjs.org/onetime/-/onetime-5.1.2.tgz",
      "integrity": "sha512-kbpaSSGJTWdAY5KPVeMOKXSrPtr8C8C7wodJbcsd51jRnmD+GZu8Y0VoU6Dm5Z4vWr0Ig/1NKuWRKf7j5aaYSg==",
      "requires": {
        "mimic-fn": "^2.1.0"
      }
    },
    "ora": {
      "version": "4.1.1",
      "resolved": "https://registry.npmjs.org/ora/-/ora-4.1.1.tgz",
      "integrity": "sha512-sjYP8QyVWBpBZWD6Vr1M/KwknSw6kJOz41tvGMlwWeClHBtYKTbHMki1PsLZnxKpXMPbTKv9b3pjQu3REib96A==",
      "requires": {
        "chalk": "^3.0.0",
        "cli-cursor": "^3.1.0",
        "cli-spinners": "^2.2.0",
        "is-interactive": "^1.0.0",
        "log-symbols": "^3.0.0",
        "mute-stream": "0.0.8",
        "strip-ansi": "^6.0.0",
        "wcwidth": "^1.0.1"
      }
    },
    "pify": {
      "version": "4.0.1",
      "resolved": "https://registry.npmjs.org/pify/-/pify-4.0.1.tgz",
      "integrity": "sha512-uB80kBFb/tfd68bVleG9T5GGsGPjJrLAUpR5PZIrhBnIaRTQRjqdJSsIKkOP6OAIFbj7GOrcudc5pNjZ+geV2g==",
      "optional": true
    },
    "prr": {
      "version": "1.0.1",
      "resolved": "https://registry.npmjs.org/prr/-/prr-1.0.1.tgz",
      "integrity": "sha1-0/wRS6BplaRexok/SEzrHXj19HY=",
      "optional": true
    },
    "restore-cursor": {
      "version": "3.1.0",
      "resolved": "https://registry.npmjs.org/restore-cursor/-/restore-cursor-3.1.0.tgz",
      "integrity": "sha512-l+sSefzHpj5qimhFSE5a8nufZYAM3sBSVMAPtYkmC+4EH2anSGaEMXSD0izRQbu9nfyQ9y5JrVmp7E8oZrUjvA==",
      "requires": {
        "onetime": "^5.1.0",
        "signal-exit": "^3.0.2"
      }
    },
    "safer-buffer": {
      "version": "2.1.2",
      "resolved": "https://registry.npmjs.org/safer-buffer/-/safer-buffer-2.1.2.tgz",
      "integrity": "sha512-YZo3K82SD7Riyi0E1EQPojLz7kpepnSQI9IyPbHHg1XXXevb5dJI7tpyN2ADxGcQbHG7vcyRHk0cbwqcQriUtg=="
    },
    "semver": {
      "version": "5.7.1",
      "resolved": "https://registry.npmjs.org/semver/-/semver-5.7.1.tgz",
      "integrity": "sha512-sauaDf/PZdVgrLTNYHRtpXa1iRiKcaebiKQ1BJdpQlWH2lCvexQdX55snPFyK7QzpudqbCI0qXFfOasHdyNDGQ==",
      "optional": true
    },
    "signal-exit": {
      "version": "3.0.3",
      "resolved": "https://registry.npmjs.org/signal-exit/-/signal-exit-3.0.3.tgz",
      "integrity": "sha512-VUJ49FC8U1OxwZLxIbTTrDvLnf/6TDgxZcK8wxR8zs13xpx7xbG60ndBlhNrFi2EMuFRoeDoJO7wthSLq42EjA=="
    },
    "source-map": {
      "version": "0.6.1",
      "resolved": "https://registry.npmjs.org/source-map/-/source-map-0.6.1.tgz",
      "integrity": "sha512-UjgapumWlbMhkBgzT7Ykc5YXUT46F0iKu8SGXq0bcwP5dz/h0Plj6enJqjz1Zbq2l5WaqYnrVbwWOWMyF3F47g=="
    },
    "strip-ansi": {
      "version": "6.0.0",
      "resolved": "https://registry.npmjs.org/strip-ansi/-/strip-ansi-6.0.0.tgz",
      "integrity": "sha512-AuvKTrTfQNYNIctbR1K/YGTR1756GycPsg7b9bdV9Duqur4gv6aKqHXah67Z8ImS7WEz5QVcOtlfW2rZEugt6w==",
      "requires": {
        "ansi-regex": "^5.0.0"
      }
    },
    "supports-color": {
      "version": "7.2.0",
      "resolved": "https://registry.npmjs.org/supports-color/-/supports-color-7.2.0.tgz",
      "integrity": "sha512-qpCAvRl9stuOHveKsn7HncJRvv501qIacKzQlO/+Lwxc9+0q2wLyv4Dfvt80/DPn2pqOBsJdDiogXGR9+OvwRw==",
      "requires": {
        "has-flag": "^4.0.0"
      }
    },
    "tslib": {
      "version": "1.14.1",
      "resolved": "https://registry.npmjs.org/tslib/-/tslib-1.14.1.tgz",
      "integrity": "sha512-Xni35NKzjgMrwevysHTCArtLDpPvye8zV/0E4EyYn43P7/7qvQwPh9BGkHewbMulVntbigmcT7rdX3BNo9wRJg=="
    },
    "uglify-es": {
      "version": "3.3.9",
      "resolved": "https://registry.npmjs.org/uglify-es/-/uglify-es-3.3.9.tgz",
      "integrity": "sha512-r+MU0rfv4L/0eeW3xZrd16t4NZfK8Ld4SWVglYBb7ez5uXFWHuVRs6xCTrf1yirs9a4j4Y27nn7SRfO6v67XsQ==",
      "requires": {
        "commander": "~2.13.0",
        "source-map": "~0.6.1"
      },
      "dependencies": {
        "commander": {
          "version": "2.13.0",
          "resolved": "https://registry.npmjs.org/commander/-/commander-2.13.0.tgz",
          "integrity": "sha512-MVuS359B+YzaWqjCL/c+22gfryv+mCBPHAv3zyVI2GN8EY6IRP8VwtasXn8jyyhvvq84R4ImN1OKRtcbIasjYA=="
        }
      }
    },
    "wcwidth": {
      "version": "1.0.1",
      "resolved": "https://registry.npmjs.org/wcwidth/-/wcwidth-1.0.1.tgz",
      "integrity": "sha1-8LDc+RW8X/FSivrbLA4XtTLaL+g=",
      "requires": {
        "defaults": "^1.0.3"
      }
    }
  }
}
